
Microsoft Visual Studio Solution File, Format Version 12.00
# Visual Studio Version 17
VisualStudioVersion = 17.3.32929.385
MinimumVisualStudioVersion = 10.0.40219.1
Project("{FAE04EC0-301F-11D3-BF4B-00C04F79EFBC}") = "hm8-1", "hm8-1\hm8-1.csproj", "{7B1700A7-9E54-4912-9D5D-B03091327477}"
EndProject
Global
	GlobalSection(SolutionConfigurationPlatforms) = preSolution
		Debug|Any CPU = Debug|Any CPU
		Release|Any CPU = Release|Any CPU
	EndGlobalSection
	GlobalSection(ProjectConfigurationPlatforms) = postSolution
		{7B1700A7-9E54-4912-9D5D-B03091327477}.Debug|Any CPU.ActiveCfg = Debug|Any CPU
		{7B1700A7-9E54-4912-9D5D-B03091327477}.Debug|Any CPU.Build.0 = Debug|Any CPU
		{7B1700A7-9E54-4912-9D5D-B03091327477}.Release|Any CPU.ActiveCfg = Release|Any CPU
		{7B1700A7-9E54-4912-9D5D-B03091327477}.Release|Any CPU.Build.0 = Release|Any CPU
	EndGlobalSection
	GlobalSection(SolutionProperties) = preSolution
		HideSolutionNode = FALSE
	EndGlobalSection
	GlobalSection(ExtensibilityGlobals) = postSolution
		SolutionGuid = {C40E1663-C462-4C90-8F59-96457BDD9F47}
	EndGlobalSection
EndGlobal
